// !$*UTF8*$!
{
	archiveVersion = 1;
	classes = {
	};
	objectVersion = 50;
	objects = {

/* Begin PBXBuildFile section */
		6BDC8CAE24F9FC7700BEEF63 /* AppDelegate.m in Sources */ = {isa = PBXBuildFile; fileRef = 6BDC8CAD24F9FC7700BEEF63 /* AppDelegate.m */; };
		6BDC8CB424F9FC7700BEEF63 /* ViewController.m in Sources */ = {isa = PBXBuildFile; fileRef = 6BDC8CB324F9FC7700BEEF63 /* ViewController.m */; };
		6BDC8CB924F9FC8100BEEF63 /* Assets.xcassets in Resources */ = {isa = PBXBuildFile; fileRef = 6BDC8CB824F9FC8100BEEF63 /* Assets.xcassets */; };
		6BDC8CBC24F9FC8100BEEF63 /* LaunchScreen.storyboard in Resources */ = {isa = PBXBuildFile; fileRef = 6BDC8CBA24F9FC8100BEEF63 /* LaunchScreen.storyboard */; };
		6BDC8CBF24F9FC8100BEEF63 /* main.m in Sources */ = {isa = PBXBuildFile; fileRef = 6BDC8CBE24F9FC8100BEEF63 /* main.m */; };
		6BDC8CC824FA01CC00BEEF63 /* KVOViewController.m in Sources */ = {isa = PBXBuildFile; fileRef = 6BDC8CC724FA01CC00BEEF63 /* KVOViewController.m */; };
		6BDC8CCB24FA05E900BEEF63 /* Person.m in Sources */ = {isa = PBXBuildFile; fileRef = 6BDC8CCA24FA05E900BEEF63 /* Person.m */; };
/* End PBXBuildFile section */

/* Begin PBXFileReference section */
		6BDC8CA924F9FC7700BEEF63 /* iOSQuestion.app */ = {isa = PBXFileReference; explicitFileType = wrapper.application; includeInIndex = 0; path = iOSQuestion.app; sourceTree = BUILT_PRODUCTS_DIR; };
		6BDC8CAC24F9FC7700BEEF63 /* AppDelegate.h */ = {isa = PBXFileReference; lastKnownFileType = sourcecode.c.h; path = AppDelegate.h; sourceTree = "<group>"; };
		6BDC8CAD24F9FC7700BEEF63 /* AppDelegate.m */ = {isa = PBXFileReference; lastKnownFileType = sourcecode.c.objc; path = AppDelegate.m; sourceTree = "<group>"; };
		6BDC8CB224F9FC7700BEEF63 /* ViewController.h */ = {isa = PBXFileReference; lastKnownFileType = sourcecode.c.h; path = ViewController.h; sourceTree = "<group>"; };
		6BDC8CB324F9FC7700BEEF63 /* ViewController.m */ = {isa = PBXFileReference; lastKnownFileType = sourcecode.c.objc; path = ViewController.m; sourceTree = "<group>"; };
		6BDC8CB824F9FC8100BEEF63 /* Assets.xcassets */ = {isa = PBXFileReference; lastKnownFileType = folder.assetcatalog; path = Assets.xcassets; sourceTree = "<group>"; };
		6BDC8CBB24F9FC8100BEEF63 /* Base */ = {isa = PBXFileReference; lastKnownFileType = file.storyboard; name = Base; path = Base.lproj/LaunchScreen.storyboard; sourceTree = "<group>"; };
		6BDC8CBD24F9FC8100BEEF63 /* Info.plist */ = {isa = PBXFileReference; lastKnownFileType = text.plist.xml; path = Info.plist; sourceTree = "<group>"; };
		6BDC8CBE24F9FC8100BEEF63 /* main.m */ = {isa = PBXFileReference; lastKnownFileType = sourcecode.c.objc; path = main.m; sourceTree = "<group>"; };
		6BDC8CC624FA01CC00BEEF63 /* KVOViewController.h */ = {isa = PBXFileReference; lastKnownFileType = sourcecode.c.h; path = KVOViewController.h; sourceTree = "<group>"; };
		6BDC8CC724FA01CC00BEEF63 /* KVOViewController.m */ = {isa = PBXFileReference; lastKnownFileType = sourcecode.c.objc; path = KVOViewController.m; sourceTree = "<group>"; };
		6BDC8CC924FA05E900BEEF63 /* Person.h */ = {isa = PBXFileReference; lastKnownFileType = sourcecode.c.h; path = Person.h; sourceTree = "<group>"; };
		6BDC8CCA24FA05E900BEEF63 /* Person.m */ = {isa = PBXFileReference; lastKnownFileType = sourcecode.c.objc; path = Person.m; sourceTree = "<group>"; };
/* End PBXFileReference section */

/* Begin PBXFrameworksBuildPhase section */
		6BDC8CA624F9FC7700BEEF63 /* Frameworks */ = {
			isa = PBXFrameworksBuildPhase;
			buildActionMask = 2147483647;
			files = (
			);
			runOnlyForDeploymentPostprocessing = 0;
		};
/* End PBXFrameworksBuildPhase section */

/* Begin PBXGroup section */
		6BDC8CA024F9FC7700BEEF63 = {
			isa = PBXGroup;
			children = (
				6BDC8CAB24F9FC7700BEEF63 /* iOSQuestion */,
				6BDC8CAA24F9FC7700BEEF63 /* Products */,
			);
			sourceTree = "<group>";
		};
		6BDC8CAA24F9FC7700BEEF63 /* Products */ = {
			isa = PBXGroup;
			children = (
				6BDC8CA924F9FC7700BEEF63 /* iOSQuestion.app */,
			);
			name = Products;
			sourceTree = "<group>";
		};
		6BDC8CAB24F9FC7700BEEF63 /* iOSQuestion */ = {
			isa = PBXGroup;
			children = (
				6BDC8CAC24F9FC7700BEEF63 /* AppDelegate.h */,
				6BDC8CAD24F9FC7700BEEF63 /* AppDelegate.m */,
				6BDC8CB224F9FC7700BEEF63 /* ViewController.h */,
				6BDC8CB324F9FC7700BEEF63 /* ViewController.m */,
				6BDC8CC524FA01B700BEEF63 /* KVODemo */,
				6BDC8CB824F9FC8100BEEF63 /* Assets.xcassets */,
				6BDC8CBA24F9FC8100BEEF63 /* LaunchScreen.storyboard */,
				6BDC8CBD24F9FC8100BEEF63 /* Info.plist */,
				6BDC8CBE24F9FC8100BEEF63 /* main.m */,
			);
			path = iOSQuestion;
			sourceTree = "<group>";
		};
		6BDC8CC524FA01B700BEEF63 /* KVODemo */ = {
			isa = PBXGroup;
			children = (
				6BDC8CC624FA01CC00BEEF63 /* KVOViewController.h */,
				6BDC8CC724FA01CC00BEEF63 /* KVOViewController.m */,
				6BDC8CC924FA05E900BEEF63 /* Person.h */,
				6BDC8CCA24FA05E900BEEF63 /* Person.m */,
			);
			path = KVODemo;
			sourceTree = "<group>";
		};
/* End PBXGroup section */

/* Begin PBXNativeTarget section */
		6BDC8CA824F9FC7700BEEF63 /* iOSQuestion */ = {
			isa = PBXNativeTarget;
			buildConfigurationList = 6BDC8CC224F9FC8100BEEF63 /* Build configuration list for PBXNativeTarget "iOSQuestion" */;
			buildPhases = (
				6BDC8CA524F9FC7700BEEF63 /* Sources */,
				6BDC8CA624F9FC7700BEEF63 /* Frameworks */,
				6BDC8CA724F9FC7700BEEF63 /* Resources */,
			);
			buildRules = (
			);
			dependencies = (
			);
			name = iOSQuestion;
			productName = iOSQuestion;
			productReference = 6BDC8CA924F9FC7700BEEF63 /* iOSQuestion.app */;
			productType = "com.apple.product-type.application";
		};
/* End PBXNativeTarget section */

/* Begin PBXProject section */
		6BDC8CA124F9FC7700BEEF63 /* Project object */ = {
			isa = PBXProject;
			attributes = {
				LastUpgradeCheck = 1160;
				ORGANIZATIONNAME = zhangshumeng;
				TargetAttributes = {
					6BDC8CA824F9FC7700BEEF63 = {
						CreatedOnToolsVersion = 11.6;
					};
				};
			};
			buildConfigurationList = 6BDC8CA424F9FC7700BEEF63 /* Build configuration list for PBXProject "iOSQuestion" */;
			compatibilityVersion = "Xcode 9.3";
			developmentRegion = en;
			hasScannedForEncodings = 0;
			knownRegions = (
				en,
				Base,
			);
			mainGroup = 6BDC8CA024F9FC7700BEEF63;
			productRefGroup = 6BDC8CAA24F9FC7700BEEF63 /* Products */;
			projectDirPath = "";
			projectRoot = "";
			targets = (
				6BDC8CA824F9FC7700BEEF63 /* iOSQuestion */,
			);
		};
/* End PBXProject section */

/* Begin PBXResourcesBuildPhase section */
		6BDC8CA724F9FC7700BEEF63 /* Resources */ = {
			isa = PBXResourcesBuildPhase;
			buildActionMask = 2147483647;
			files = (
				6BDC8CBC24F9FC8100BEEF63 /* LaunchScreen.storyboard in Resources */,
				6BDC8CB924F9FC8100BEEF63 /* Assets.xcassets in Resources */,
			);
			runOnlyForDeploymentPostprocessing = 0;
		};
/* End PBXResourcesBuildPhase section */

/* Begin PBXSourcesBuildPhase section */
		6BDC8CA524F9FC7700BEEF63 /* Sources */ = {
			isa = PBXSourcesBuildPhase;
			buildActionMask = 2147483647;
			files = (
				6BDC8CB424F9FC7700BEEF63 /* ViewController.m in Sources */,
				6BDC8CC824FA01CC00BEEF63 /* KVOViewController.m in Sources */,
				6BDC8CCB24FA05E900BEEF63 /* Person.m in Sources */,
				6BDC8CAE24F9FC7700BEEF63 /* AppDelegate.m in Sources */,
				6BDC8CBF24F9FC8100BEEF63 /* main.m in Sources */,
			);
			runOnlyForDeploymentPostprocessing = 0;
		};
/* End PBXSourcesBuildPhase section */

/* Begin PBXVariantGroup section */
		6BDC8CBA24F9FC8100BEEF63 /* LaunchScreen.storyboard */ = {
			isa = PBXVariantGroup;
			children = (
				6BDC8CBB24F9FC8100BEEF63 /* Base */,
			);
			name = LaunchScreen.storyboard;
			sourceTree = "<group>";
		};
/* End PBXVariantGroup section */

/* Begin XCBuildConfiguration section */
		6BDC8CC024F9FC8100BEEF63 /* Debug */ = {
			isa = XCBuildConfiguration;
			buildSettings = {
				ALWAYS_SEARCH_USER_PATHS = NO;
				CLANG_ANALYZER_NONNULL = YES;
				CLANG_ANALYZER_NUMBER_OBJECT_CONVERSION = YES_AGGRESSIVE;
				CLANG_CXX_LANGUAGE_STANDARD = "gnu++14";
				CLANG_CXX_LIBRARY = "libc++";
				CLANG_ENABLE_MODULES = YES;
				CLANG_ENABLE_OBJC_ARC = YES;
				CLANG_ENABLE_OBJC_WEAK = YES;
				CLANG_WARN_BLOCK_CAPTURE_AUTORELEASING = YES;
				CLANG_WARN_BOOL_CONVERSION = YES;
				CLANG_WARN_COMMA = YES;
				CLANG_WARN_CONSTANT_CONVERSION = YES;
				CLANG_WARN_DEPRECATED_OBJC_IMPLEMENTATIONS = YES;
				CLANG_WARN_DIRECT_OBJC_ISA_USAGE = YES_ERROR;
				CLANG_WARN_DOCUMENTATION_COMMENTS = YES;
				CLANG_WARN_EMPTY_BODY = YES;
				CLANG_WARN_ENUM_CONVERSION = YES;
				CLANG_WARN_INFINITE_RECURSION = YES;
				CLANG_WARN_INT_CONVERSION = YES;
				CLANG_WARN_NON_LITERAL_NULL_CONVERSION = YES;
				CLANG_WARN_OBJC_IMPLICIT_RETAIN_SELF = YES;
				CLANG_WARN_OBJC_LITERAL_CONVERSION = YES;
				CLANG_WARN_OBJC_ROOT_CLASS = YES_ERROR;
				CLANG_WARN_RANGE_LOOP_ANALYSIS = YES;
				CLANG_WARN_STRICT_PROTOTYPES = YES;
				CLANG_WARN_SUSPICIOUS_MOVE = YES;
				CLANG_WARN_UNGUARDED_AVAILABILITY = YES_AGGRESSIVE;
				CLANG_WARN_UNREACHABLE_CODE = YES;
				CLANG_WARN__DUPLICATE_METHOD_MATCH = YES;
				COPY_PHASE_STRIP = NO;
				DEBUG_INFORMATION_FORMAT = dwarf;
				ENABLE_STRICT_OBJC_MSGSEND = YES;
				ENABLE_TESTABILITY = YES;
				GCC_C_LANGUAGE_STANDARD = gnu11;
				GCC_DYNAMIC_NO_PIC = NO;
				GCC_NO_COMMON_BLOCKS = YES;
				GCC_OPTIMIZATION_LEVEL = 0;
				GCC_PREPROCESSOR_DEFINITIONS = (
					"DEBUG=1",
					"$(inherited)",
				);
				GCC_WARN_64_TO_32_BIT_CONVERSION = YES;
				GCC_WARN_ABOUT_RETURN_TYPE = YES_ERROR;
				GCC_WARN_UNDECLARED_SELECTOR = YES;
				GCC_WARN_UNINITIALIZED_AUTOS = YES_AGGRESSIVE;
				GCC_WARN_UNUSED_FUNCTION = YES;
				GCC_WARN_UNUSED_VARIABLE = YES;
				IPHONEOS_DEPLOYMENT_TARGET = 13.6;
				MTL_ENABLE_DEBUG_INFO = INCLUDE_SOURCE;
				MTL_FAST_MATH = YES;
				ONLY_ACTIVE_ARCH = YES;
				SDKROOT = iphoneos;
			};
			name = Debug;
		};
		6BDC8CC124F9FC8100BEEF63 /* Release */ = {
			isa = XCBuildConfiguration;
			buildSettings = {
				ALWAYS_SEARCH_USER_PATHS = NO;
				CLANG_ANALYZER_NONNULL = YES;
				CLANG_ANALYZER_NUMBER_OBJECT_CONVERSION = YES_AGGRESSIVE;
				CLANG_CXX_LANGUAGE_STANDARD = "gnu++14";
				CLANG_CXX_LIBRARY = "libc++";
				CLANG_ENABLE_MODULES = YES;
				CLANG_ENABLE_OBJC_ARC = YES;
				CLANG_ENABLE_OBJC_WEAK = YES;
				CLANG_WARN_BLOCK_CAPTURE_AUTORELEASING = YES;
				CLANG_WARN_BOOL_CONVERSION = YES;
				CLANG_WARN_COMMA = YES;
				CLANG_WARN_CONSTANT_CONVERSION = YES;
				CLANG_WARN_DEPRECATED_OBJC_IMPLEMENTATIONS = YES;
				CLANG_WARN_DIRECT_OBJC_ISA_USAGE = YES_ERROR;
				CLANG_WARN_DOCUMENTATION_COMMENTS = YES;
				CLANG_WARN_EMPTY_BODY = YES;
				CLANG_WARN_ENUM_CONVERSION = YES;
				CLANG_WARN_INFINITE_RECURSION = YES;
				CLANG_WARN_INT_CONVERSION = YES;
				CLANG_WARN_NON_LITERAL_NULL_CONVERSION = YES;
				CLANG_WARN_OBJC_IMPLICIT_RETAIN_SELF = YES;
				CLANG_WARN_OBJC_LITERAL_CONVERSION = YES;
				CLANG_WARN_OBJC_ROOT_CLASS = YES_ERROR;
				CLANG_WARN_RANGE_LOOP_ANALYSIS = YES;
				CLANG_WARN_STRICT_PROTOTYPES = YES;
				CLANG_WARN_SUSPICIOUS_MOVE = YES;
				CLANG_WARN_UNGUARDED_AVAILABILITY = YES_AGGRESSIVE;
				CLANG_WARN_UNREACHABLE_CODE = YES;
				CLANG_WARN__DUPLICATE_METHOD_MATCH = YES;
				COPY_PHASE_STRIP = NO;
				DEBUG_INFORMATION_FORMAT = "dwarf-with-dsym";
				ENABLE_NS_ASSERTIONS = NO;
				ENABLE_STRICT_OBJC_MSGSEND = YES;
				GCC_C_LANGUAGE_STANDARD = gnu11;
				GCC_NO_COMMON_BLOCKS = YES;
				GCC_WARN_64_TO_32_BIT_CONVERSION = YES;
				GCC_WARN_ABOUT_RETURN_TYPE = YES_ERROR;
				GCC_WARN_UNDECLARED_SELECTOR = YES;
				GCC_WARN_UNINITIALIZED_AUTOS = YES_AGGRESSIVE;
				GCC_WARN_UNUSED_FUNCTION = YES;
				GCC_WARN_UNUSED_VARIABLE = YES;
				IPHONEOS_DEPLOYMENT_TARGET = 13.6;
				MTL_ENABLE_DEBUG_INFO = NO;
				MTL_FAST_MATH = YES;
				SDKROOT = iphoneos;
				VALIDATE_PRODUCT = YES;
			};
			name = Release;
		};
		6BDC8CC324F9FC8100BEEF63 /* Debug */ = {
			isa = XCBuildConfiguration;
			buildSettings = {
				ASSETCATALOG_COMPILER_APPICON_NAME = AppIcon;
				CODE_SIGN_STYLE = Automatic;
				INFOPLIST_FILE = iOSQuestion/Info.plist;
				IPHONEOS_DEPLOYMENT_TARGET = 10.0;
				LD_RUNPATH_SEARCH_PATHS = (
					"$(inherited)",
					"@executable_path/Frameworks",
				);
				PRODUCT_BUNDLE_IDENTIFIER = izsm.iOSQuestion;
				PRODUCT_NAME = "$(TARGET_NAME)";
				TARGETED_DEVICE_FAMILY = "1,2";
			};
			name = Debug;
		};
		6BDC8CC424F9FC8100BEEF63 /* Release */ = {
			isa = XCBuildConfiguration;
			buildSettings = {
				ASSETCATALOG_COMPILER_APPICON_NAME = AppIcon;
				CODE_SIGN_STYLE = Automatic;
				INFOPLIST_FILE = iOSQuestion/Info.plist;
				IPHONEOS_DEPLOYMENT_TARGET = 10.0;
				LD_RUNPATH_SEARCH_PATHS = (
					"$(inherited)",
					"@executable_path/Frameworks",
				);
				PRODUCT_BUNDLE_IDENTIFIER = izsm.iOSQuestion;
				PRODUCT_NAME = "$(TARGET_NAME)";
				TARGETED_DEVICE_FAMILY = "1,2";
			};
			name = Release;
		};
/* End XCBuildConfiguration section */

/* Begin XCConfigurationList section */
		6BDC8CA424F9FC7700BEEF63 /* Build configuration list for PBXProject "iOSQuestion" */ = {
			isa = XCConfigurationList;
			buildConfigurations = (
				6BDC8CC024F9FC8100BEEF63 /* Debug */,
				6BDC8CC124F9FC8100BEEF63 /* Release */,
			);
			defaultConfigurationIsVisible = 0;
			defaultConfigurationName = Release;
		};
		6BDC8CC224F9FC8100BEEF63 /* Build configuration list for PBXNativeTarget "iOSQuestion" */ = {
			isa = XCConfigurationList;
			buildConfigurations = (
				6BDC8CC324F9FC8100BEEF63 /* Debug */,
				6BDC8CC424F9FC8100BEEF63 /* Release */,
			);
			defaultConfigurationIsVisible = 0;
			defaultConfigurationName = Release;
		};
/* End XCConfigurationList section */
	};
	rootObject = 6BDC8CA124F9FC7700BEEF63 /* Project object */;
}
